{
  "name": "monorepo_testing",
  "version": "1.0.0",
  "lockfileVersion": 3,
  "requires": true,
  "packages": {
    "": {
      "name": "monorepo_testing",
      "version": "1.0.0",
      "license": "ISC",
      "workspaces": [
        "packages/functions",
        "apps/next14test"
      ]
    },
    "apps/next14test": {
      "version": "1.0.0",
      "license": "ISC"
    },
    "node_modules/functions": {
      "resolved": "packages/functions",
      "link": true
    },
    "node_modules/next14test": {
      "resolved": "apps/next14test",
      "link": true
    },
    "packages/functions": {
      "version": "1.0.0",
      "license": "ISC"
    }
  }
}
